
Microsoft Visual Studio Solution File, Format Version 12.00
# Visual Studio Version 16
VisualStudioVersion = 16.0.29503.13
MinimumVisualStudioVersion = 10.0.40219.1
Project("{FAE04EC0-301F-11D3-BF4B-00C04F79EFBC}") = "TestGit", "TestGit\TestGit.csproj", "{91BF5D51-540E-4B94-AA41-7858CACEB53F}"
EndProject
Global
	GlobalSection(SolutionConfigurationPlatforms) = preSolution
		Debug|Any CPU = Debug|Any CPU
		Release|Any CPU = Release|Any CPU
	EndGlobalSection
	GlobalSection(ProjectConfigurationPlatforms) = postSolution
		{91BF5D51-540E-4B94-AA41-7858CACEB53F}.Debug|Any CPU.ActiveCfg = Debug|Any CPU
		{91BF5D51-540E-4B94-AA41-7858CACEB53F}.Debug|Any CPU.Build.0 = Debug|Any CPU
		{91BF5D51-540E-4B94-AA41-7858CACEB53F}.Release|Any CPU.ActiveCfg = Release|Any CPU
		{91BF5D51-540E-4B94-AA41-7858CACEB53F}.Release|Any CPU.Build.0 = Release|Any CPU
	EndGlobalSection
	GlobalSection(SolutionProperties) = preSolution
		HideSolutionNode = FALSE
	EndGlobalSection
	GlobalSection(ExtensibilityGlobals) = postSolution
		SolutionGuid = {70C3564C-AF02-4776-9549-62E6DB590CA7}
	EndGlobalSection
EndGlobal
